
Microsoft Visual Studio Solution File, Format Version 12.00
# Visual Studio Version 17
VisualStudioVersion = 17.0.31903.59
MinimumVisualStudioVersion = 10.0.40219.1
Project("{2150E333-8FDC-42A3-9474-1A3956D46DE8}") = "Source", "Source", "{E3EA26D8-7788-4FFE-AE42-19BB3A77A91C}"
EndProject
Project("{F2A71F9B-5D33-465A-A702-920D77279786}") = "Viva", "Source\Viva\Viva.fsproj", "{CCCFE8D7-36B4-410D-A88A-19B4CA6B7DA3}"
EndProject
Project("{F2A71F9B-5D33-465A-A702-920D77279786}") = "Viva.Runtime", "Source\Viva.Runtime\Viva.Runtime.fsproj", "{01C13DB3-76AF-42B7-98E8-CF58EF8CC97E}"
EndProject
Project("{F2A71F9B-5D33-465A-A702-920D77279786}") = "Viva.Playwright", "Source\Viva.Playwright\Viva.Playwright.fsproj", "{97804DC2-354F-46FD-A904-0F1415EA53D2}"
EndProject
Global
	GlobalSection(SolutionConfigurationPlatforms) = preSolution
		Debug|Any CPU = Debug|Any CPU
		Release|Any CPU = Release|Any CPU
	EndGlobalSection
	GlobalSection(SolutionProperties) = preSolution
		HideSolutionNode = FALSE
	EndGlobalSection
	GlobalSection(ProjectConfigurationPlatforms) = postSolution
		{CCCFE8D7-36B4-410D-A88A-19B4CA6B7DA3}.Debug|Any CPU.ActiveCfg = Debug|Any CPU
		{CCCFE8D7-36B4-410D-A88A-19B4CA6B7DA3}.Debug|Any CPU.Build.0 = Debug|Any CPU
		{CCCFE8D7-36B4-410D-A88A-19B4CA6B7DA3}.Release|Any CPU.ActiveCfg = Release|Any CPU
		{CCCFE8D7-36B4-410D-A88A-19B4CA6B7DA3}.Release|Any CPU.Build.0 = Release|Any CPU
		{01C13DB3-76AF-42B7-98E8-CF58EF8CC97E}.Debug|Any CPU.ActiveCfg = Debug|Any CPU
		{01C13DB3-76AF-42B7-98E8-CF58EF8CC97E}.Debug|Any CPU.Build.0 = Debug|Any CPU
		{01C13DB3-76AF-42B7-98E8-CF58EF8CC97E}.Release|Any CPU.ActiveCfg = Release|Any CPU
		{01C13DB3-76AF-42B7-98E8-CF58EF8CC97E}.Release|Any CPU.Build.0 = Release|Any CPU
		{97804DC2-354F-46FD-A904-0F1415EA53D2}.Debug|Any CPU.ActiveCfg = Debug|Any CPU
		{97804DC2-354F-46FD-A904-0F1415EA53D2}.Debug|Any CPU.Build.0 = Debug|Any CPU
		{97804DC2-354F-46FD-A904-0F1415EA53D2}.Release|Any CPU.ActiveCfg = Release|Any CPU
		{97804DC2-354F-46FD-A904-0F1415EA53D2}.Release|Any CPU.Build.0 = Release|Any CPU
	EndGlobalSection
	GlobalSection(NestedProjects) = preSolution
		{CCCFE8D7-36B4-410D-A88A-19B4CA6B7DA3} = {E3EA26D8-7788-4FFE-AE42-19BB3A77A91C}
		{01C13DB3-76AF-42B7-98E8-CF58EF8CC97E} = {E3EA26D8-7788-4FFE-AE42-19BB3A77A91C}
		{97804DC2-354F-46FD-A904-0F1415EA53D2} = {E3EA26D8-7788-4FFE-AE42-19BB3A77A91C}
	EndGlobalSection
EndGlobal
