{
  "version": 2,
  "dependencies": {
    "net9.0": {
      "FSharp.Core": {
        "type": "Direct",
        "requested": "[9.0.202, )",
        "resolved": "9.0.202",
        "contentHash": "p8iGT2PeRL9q0ZIQ3ZhmRMRs4+b5Xaf9SSYKOt/+tDtznMQhHovYWaD1491RvBz8rnxcesAISbrkrjI1/4TUtw=="
      },
      "FsToolkit.ErrorHandling": {
        "type": "Direct",
        "requested": "[4.18.0, )",
        "resolved": "4.18.0",
        "contentHash": "cGtOP6lWcnLcXiLTGZLHi+8JAyuUDjGhZOmJWnZfd5aPCUIyL+DqUIwmfEGkUk3j/gpcchLDk9BNwUTc1oM30w==",
        "dependencies": {
          "FSharp.Core": "7.0.300"
        }
      },
      "GitVersion.MsBuild": {
        "type": "Direct",
        "requested": "[6.3.0, )",
        "resolved": "6.3.0",
        "contentHash": "suTxk2mb96kABSJZrSGvzh9423fVbdOM18nSQOrLbp0tKrX+khi1ytfkHzoPI0I2xvmDzTsfKtHDd61Zc5MX0A==",
        "dependencies": {
          "System.Collections.Immutable": "9.0.2"
        }
      },
      "IcedTasks": {
        "type": "Direct",
        "requested": "[0.11.7, )",
        "resolved": "0.11.7",
        "contentHash": "VOgotMAc+rq3zaJK4rQv/dnJnuqIJTwGXQKJMA37FfuyMQbC23w3iOMl10esfjWEVcTkefiK7rsLQEmlxTBDDQ==",
        "dependencies": {
          "FSharp.Core": "6.0.1"
        }
      },
      "Microsoft.Extensions.Logging": {
        "type": "Direct",
        "requested": "[9.0.4, )",
        "resolved": "9.0.4",
        "contentHash": "xW6QPYsqhbuWBO9/1oA43g/XPKbohJx+7G8FLQgQXIriYvY7s+gxr2wjQJfRoPO900dvvv2vVH7wZovG+M1m6w==",
        "dependencies": {
          "Microsoft.Extensions.DependencyInjection": "9.0.4",
          "Microsoft.Extensions.Logging.Abstractions": "9.0.4",
          "Microsoft.Extensions.Options": "9.0.4"
        }
      },
      "Microsoft.Extensions.DependencyInjection": {
        "type": "Transitive",
        "resolved": "9.0.4",
        "contentHash": "f2MTUaS2EQ3lX4325ytPAISZqgBfXmY0WvgD80ji6Z20AoDNiCESxsqo6mFRwHJD/jfVKRw9FsW6+86gNre3ug==",
        "dependencies": {
          "Microsoft.Extensions.DependencyInjection.Abstractions": "9.0.4"
        }
      },
      "Microsoft.Extensions.DependencyInjection.Abstractions": {
        "type": "Transitive",
        "resolved": "9.0.4",
        "contentHash": "UI0TQPVkS78bFdjkTodmkH0Fe8lXv9LnhGFKgKrsgUJ5a5FVdFRcgjIkBVLbGgdRhxWirxH/8IXUtEyYJx6GQg=="
      },
      "Microsoft.Extensions.Logging.Abstractions": {
        "type": "Transitive",
        "resolved": "9.0.4",
        "contentHash": "0MXlimU4Dud6t+iNi5NEz3dO2w1HXdhoOLaYFuLPCjAsvlPQGwOT6V2KZRMLEhCAm/stSZt1AUv0XmDdkjvtbw==",
        "dependencies": {
          "Microsoft.Extensions.DependencyInjection.Abstractions": "9.0.4"
        }
      },
      "Microsoft.Extensions.Options": {
        "type": "Transitive",
        "resolved": "9.0.4",
        "contentHash": "fiFI2+58kicqVZyt/6obqoFwHiab7LC4FkQ3mmiBJ28Yy4fAvy2+v9MRnSvvlOO8chTOjKsdafFl/K9veCPo5g==",
        "dependencies": {
          "Microsoft.Extensions.DependencyInjection.Abstractions": "9.0.4",
          "Microsoft.Extensions.Primitives": "9.0.4"
        }
      },
      "Microsoft.Extensions.Primitives": {
        "type": "Transitive",
        "resolved": "9.0.4",
        "contentHash": "SPFyMjyku1nqTFFJ928JAMd0QnRe4xjE7KeKnZMWXf3xk+6e0WiOZAluYtLdbJUXtsl2cCRSi8cBquJ408k8RA=="
      },
      "System.Collections.Immutable": {
        "type": "Transitive",
        "resolved": "9.0.2",
        "contentHash": "QKh9+kczG7TQbQZ6tF2S6bK9B8ewHXEkYmMP2iqefzwJEfEkiflheAX6VEaPLJ6Tq9RoKuQ5R3qPYla6wJ6Opg=="
      }
    }
  }
}